
Microsoft Visual Studio Solution File, Format Version 12.00
# Visual Studio Version 16
VisualStudioVersion = 16.0.30413.136
MinimumVisualStudioVersion = 10.0.40219.1
Project("{FAE04EC0-301F-11D3-BF4B-00C04F79EFBC}") = "CustomListProject", "CustomListProject\CustomListProject.csproj", "{967DB570-6031-4D5D-B61D-5FE64B220674}"
EndProject
Project("{FAE04EC0-301F-11D3-BF4B-00C04F79EFBC}") = "CustomListMethodTesting", "CustomListMethodTesting\CustomListMethodTesting.csproj", "{4A65BEFB-DCB7-4916-B169-4D8436BFF98F}"
EndProject
Global
	GlobalSection(SolutionConfigurationPlatforms) = preSolution
		Debug|Any CPU = Debug|Any CPU
		Release|Any CPU = Release|Any CPU
	EndGlobalSection
	GlobalSection(ProjectConfigurationPlatforms) = postSolution
		{967DB570-6031-4D5D-B61D-5FE64B220674}.Debug|Any CPU.ActiveCfg = Debug|Any CPU
		{967DB570-6031-4D5D-B61D-5FE64B220674}.Debug|Any CPU.Build.0 = Debug|Any CPU
		{967DB570-6031-4D5D-B61D-5FE64B220674}.Release|Any CPU.ActiveCfg = Release|Any CPU
		{967DB570-6031-4D5D-B61D-5FE64B220674}.Release|Any CPU.Build.0 = Release|Any CPU
		{4A65BEFB-DCB7-4916-B169-4D8436BFF98F}.Debug|Any CPU.ActiveCfg = Debug|Any CPU
		{4A65BEFB-DCB7-4916-B169-4D8436BFF98F}.Debug|Any CPU.Build.0 = Debug|Any CPU
		{4A65BEFB-DCB7-4916-B169-4D8436BFF98F}.Release|Any CPU.ActiveCfg = Release|Any CPU
		{4A65BEFB-DCB7-4916-B169-4D8436BFF98F}.Release|Any CPU.Build.0 = Release|Any CPU
	EndGlobalSection
	GlobalSection(SolutionProperties) = preSolution
		HideSolutionNode = FALSE
	EndGlobalSection
	GlobalSection(ExtensibilityGlobals) = postSolution
		SolutionGuid = {1C47E369-773A-4F23-8AD9-58F553D1DC91}
	EndGlobalSection
EndGlobal
